
Microsoft Visual Studio Solution File, Format Version 12.00
# Visual Studio 15
Project("{FAE04EC0-301F-11D3-BF4B-00C04F79EFBC}") = "vlive_live", "vlive_live.csproj", "{ED298E3E-21C3-DB33-84E4-BF52C98CC0B4}"
EndProject
Project("{FAE04EC0-301F-11D3-BF4B-00C04F79EFBC}") = "vlive_live.Plugins", "vlive_live.Plugins.csproj", "{22A4968A-F503-0BC2-5203-569075D77329}"
EndProject
Project("{FAE04EC0-301F-11D3-BF4B-00C04F79EFBC}") = "vlive_live.Editor", "vlive_live.Editor.csproj", "{24DE1433-E7E8-6F01-2A08-FB49DF57EA7B}"
EndProject
Global
	GlobalSection(SolutionConfigurationPlatforms) = preSolution
		Debug|Any CPU = Debug|Any CPU
		Release|Any CPU = Release|Any CPU
	EndGlobalSection
	GlobalSection(ProjectConfigurationPlatforms) = postSolution
		{ED298E3E-21C3-DB33-84E4-BF52C98CC0B4}.Debug|Any CPU.ActiveCfg = Debug|Any CPU
		{ED298E3E-21C3-DB33-84E4-BF52C98CC0B4}.Debug|Any CPU.Build.0 = Debug|Any CPU
		{ED298E3E-21C3-DB33-84E4-BF52C98CC0B4}.Release|Any CPU.ActiveCfg = Release|Any CPU
		{ED298E3E-21C3-DB33-84E4-BF52C98CC0B4}.Release|Any CPU.Build.0 = Release|Any CPU
		{22A4968A-F503-0BC2-5203-569075D77329}.Debug|Any CPU.ActiveCfg = Debug|Any CPU
		{22A4968A-F503-0BC2-5203-569075D77329}.Debug|Any CPU.Build.0 = Debug|Any CPU
		{22A4968A-F503-0BC2-5203-569075D77329}.Release|Any CPU.ActiveCfg = Release|Any CPU
		{22A4968A-F503-0BC2-5203-569075D77329}.Release|Any CPU.Build.0 = Release|Any CPU
		{24DE1433-E7E8-6F01-2A08-FB49DF57EA7B}.Debug|Any CPU.ActiveCfg = Debug|Any CPU
		{24DE1433-E7E8-6F01-2A08-FB49DF57EA7B}.Debug|Any CPU.Build.0 = Debug|Any CPU
		{24DE1433-E7E8-6F01-2A08-FB49DF57EA7B}.Release|Any CPU.ActiveCfg = Release|Any CPU
		{24DE1433-E7E8-6F01-2A08-FB49DF57EA7B}.Release|Any CPU.Build.0 = Release|Any CPU
	EndGlobalSection
	GlobalSection(SolutionProperties) = preSolution
		HideSolutionNode = FALSE
	EndGlobalSection
EndGlobal
